
Microsoft Visual Studio Solution File, Format Version 12.00
# Visual Studio Version 17
VisualStudioVersion = 17.10.35122.118
MinimumVisualStudioVersion = 10.0.40219.1
Project("{8BC9CEB8-8B4A-11D0-8D11-00A0C91BC942}") = "AOC_2024", "AOC\AOC.vcxproj", "{D7B294A7-8BC6-4445-8355-2A115F315700}"
EndProject
Project("{9A19103F-16F7-4668-BE54-9A1E7A4F7556}") = "AOC_2015", "..\AOC_2015\AOC_2015\AOC_2015.csproj", "{4382FDCB-AB3D-4B13-B907-E2DE1075A337}"
EndProject
Global
	GlobalSection(SolutionConfigurationPlatforms) = preSolution
		Debug|Any CPU = Debug|Any CPU
		Debug|x64 = Debug|x64
		Debug|x86 = Debug|x86
		Release|Any CPU = Release|Any CPU
		Release|x64 = Release|x64
		Release|x86 = Release|x86
	EndGlobalSection
	GlobalSection(ProjectConfigurationPlatforms) = postSolution
		{D7B294A7-8BC6-4445-8355-2A115F315700}.Debug|Any CPU.ActiveCfg = Debug|x64
		{D7B294A7-8BC6-4445-8355-2A115F315700}.Debug|Any CPU.Build.0 = Debug|x64
		{D7B294A7-8BC6-4445-8355-2A115F315700}.Debug|x64.ActiveCfg = Debug|x64
		{D7B294A7-8BC6-4445-8355-2A115F315700}.Debug|x64.Build.0 = Debug|x64
		{D7B294A7-8BC6-4445-8355-2A115F315700}.Debug|x86.ActiveCfg = Debug|Win32
		{D7B294A7-8BC6-4445-8355-2A115F315700}.Debug|x86.Build.0 = Debug|Win32
		{D7B294A7-8BC6-4445-8355-2A115F315700}.Release|Any CPU.ActiveCfg = Release|x64
		{D7B294A7-8BC6-4445-8355-2A115F315700}.Release|Any CPU.Build.0 = Release|x64
		{D7B294A7-8BC6-4445-8355-2A115F315700}.Release|x64.ActiveCfg = Release|x64
		{D7B294A7-8BC6-4445-8355-2A115F315700}.Release|x64.Build.0 = Release|x64
		{D7B294A7-8BC6-4445-8355-2A115F315700}.Release|x86.ActiveCfg = Release|Win32
		{D7B294A7-8BC6-4445-8355-2A115F315700}.Release|x86.Build.0 = Release|Win32
		{4382FDCB-AB3D-4B13-B907-E2DE1075A337}.Debug|Any CPU.ActiveCfg = Debug|Any CPU
		{4382FDCB-AB3D-4B13-B907-E2DE1075A337}.Debug|Any CPU.Build.0 = Debug|Any CPU
		{4382FDCB-AB3D-4B13-B907-E2DE1075A337}.Debug|x64.ActiveCfg = Debug|Any CPU
		{4382FDCB-AB3D-4B13-B907-E2DE1075A337}.Debug|x64.Build.0 = Debug|Any CPU
		{4382FDCB-AB3D-4B13-B907-E2DE1075A337}.Debug|x86.ActiveCfg = Debug|Any CPU
		{4382FDCB-AB3D-4B13-B907-E2DE1075A337}.Debug|x86.Build.0 = Debug|Any CPU
		{4382FDCB-AB3D-4B13-B907-E2DE1075A337}.Release|Any CPU.ActiveCfg = Release|Any CPU
		{4382FDCB-AB3D-4B13-B907-E2DE1075A337}.Release|Any CPU.Build.0 = Release|Any CPU
		{4382FDCB-AB3D-4B13-B907-E2DE1075A337}.Release|x64.ActiveCfg = Release|Any CPU
		{4382FDCB-AB3D-4B13-B907-E2DE1075A337}.Release|x64.Build.0 = Release|Any CPU
		{4382FDCB-AB3D-4B13-B907-E2DE1075A337}.Release|x86.ActiveCfg = Release|Any CPU
		{4382FDCB-AB3D-4B13-B907-E2DE1075A337}.Release|x86.Build.0 = Release|Any CPU
	EndGlobalSection
	GlobalSection(SolutionProperties) = preSolution
		HideSolutionNode = FALSE
	EndGlobalSection
	GlobalSection(ExtensibilityGlobals) = postSolution
		SolutionGuid = {126BBFC9-7988-4C2F-82B7-111B98BF6FED}
	EndGlobalSection
EndGlobal
