
Microsoft Visual Studio Solution File, Format Version 12.00
# Visual Studio Version 16
VisualStudioVersion = 16.0.33801.447
MinimumVisualStudioVersion = 10.0.40219.1
Project("{8BC9CEB8-8B4A-11D0-8D11-00A0C91BC942}") = "AOC_2023", "AOC_2023\AOC_2023.vcxproj", "{1685BF40-53DA-4867-8E0E-5720FA5C21B0}"
EndProject
Global
	GlobalSection(SolutionConfigurationPlatforms) = preSolution
		Debug|x64 = Debug|x64
		Debug|x86 = Debug|x86
		Release|x64 = Release|x64
		Release|x86 = Release|x86
	EndGlobalSection
	GlobalSection(ProjectConfigurationPlatforms) = postSolution
		{1685BF40-53DA-4867-8E0E-5720FA5C21B0}.Debug|x64.ActiveCfg = Debug|x64
		{1685BF40-53DA-4867-8E0E-5720FA5C21B0}.Debug|x64.Build.0 = Debug|x64
		{1685BF40-53DA-4867-8E0E-5720FA5C21B0}.Debug|x86.ActiveCfg = Debug|Win32
		{1685BF40-53DA-4867-8E0E-5720FA5C21B0}.Debug|x86.Build.0 = Debug|Win32
		{1685BF40-53DA-4867-8E0E-5720FA5C21B0}.Release|x64.ActiveCfg = Release|x64
		{1685BF40-53DA-4867-8E0E-5720FA5C21B0}.Release|x64.Build.0 = Release|x64
		{1685BF40-53DA-4867-8E0E-5720FA5C21B0}.Release|x86.ActiveCfg = Release|Win32
		{1685BF40-53DA-4867-8E0E-5720FA5C21B0}.Release|x86.Build.0 = Release|Win32
	EndGlobalSection
	GlobalSection(SolutionProperties) = preSolution
		HideSolutionNode = FALSE
	EndGlobalSection
	GlobalSection(ExtensibilityGlobals) = postSolution
		SolutionGuid = {FAA5F63A-3BBB-44C1-B889-E573CEA9B5C6}
	EndGlobalSection
EndGlobal
