<?xml version="1.0" encoding="utf-8"?>
<Project ToolsVersion="4.0" xmlns="http://schemas.microsoft.com/developer/msbuild/2003">
  <ItemGroup>
    <Filter Include="Source Files">
      <UniqueIdentifier>{4FC737F1-C7A5-4376-A066-2A32D752A2FF}</UniqueIdentifier>
      <Extensions>cpp;c;cc;cxx;c++;cppm;ixx;def;odl;idl;hpj;bat;asm;asmx</Extensions>
    </Filter>
    <Filter Include="Header Files">
      <UniqueIdentifier>{93995380-89BD-4b04-88EB-625FBE52EBFB}</UniqueIdentifier>
      <Extensions>h;hh;hpp;hxx;h++;hm;inl;inc;ipp;xsd</Extensions>
    </Filter>
    <Filter Include="Resource Files">
      <UniqueIdentifier>{67DA6AB6-F800-4c08-8B7A-83BB121AAD01}</UniqueIdentifier>
      <Extensions>rc;ico;cur;bmp;dlg;rc2;rct;bin;rgs;gif;jpg;jpeg;jpe;resx;tiff;tif;png;wav;mfcribbon-ms</Extensions>
    </Filter>
    <Filter Include="Source Files\Utilities">
      <UniqueIdentifier>{18a6fb5c-138e-42ba-965c-fd097d13f9e4}</UniqueIdentifier>
    </Filter>
    <Filter Include="Source Files\Input">
      <UniqueIdentifier>{d4461118-ad15-45a2-b59d-a3eacf8d4e48}</UniqueIdentifier>
    </Filter>
    <Filter Include="Source Files\Input\Day 4">
      <UniqueIdentifier>{bb9b94b3-30bf-44c8-b3c5-5d67b248b5a5}</UniqueIdentifier>
    </Filter>
    <Filter Include="Source Files\Input\Day 5">
      <UniqueIdentifier>{e3bad40a-2e62-4da0-8cd7-940b908488c5}</UniqueIdentifier>
    </Filter>
    <Filter Include="Source Files\Input\Day 6">
      <UniqueIdentifier>{fd3ca6e9-661b-4893-be5c-c881c2d15b8e}</UniqueIdentifier>
    </Filter>
    <Filter Include="Source Files\Input\Day 2">
      <UniqueIdentifier>{3ca5edfc-0be0-426f-affb-c99757a044c6}</UniqueIdentifier>
    </Filter>
    <Filter Include="Source Files\Input\Day 3">
      <UniqueIdentifier>{c2248f30-61ed-45b8-90f4-4b3b51506304}</UniqueIdentifier>
    </Filter>
    <Filter Include="Source Files\Input\Day 1">
      <UniqueIdentifier>{6ebc6b91-9d1f-4764-8258-1bb3ff7f9ddc}</UniqueIdentifier>
    </Filter>
    <Filter Include="Source Files\Input\Day 7">
      <UniqueIdentifier>{89e419a2-b71c-40d1-b401-f69873ef6d2c}</UniqueIdentifier>
    </Filter>
    <Filter Include="Source Files\Input\Day 8">
      <UniqueIdentifier>{dee12548-db13-4c73-b79d-49073a8088a3}</UniqueIdentifier>
    </Filter>
    <Filter Include="Source Files\Input\Day 9">
      <UniqueIdentifier>{f16b98f9-301a-464a-9148-ecb9d8bc5ea9}</UniqueIdentifier>
    </Filter>
    <Filter Include="Source Files\Input\Day 10">
      <UniqueIdentifier>{439edbc0-3d34-4d56-986d-d3c47598eea4}</UniqueIdentifier>
    </Filter>
    <Filter Include="Source Files\Input\Day 11">
      <UniqueIdentifier>{5eac421e-7cc4-43f0-9647-16ec7650da6a}</UniqueIdentifier>
    </Filter>
  </ItemGroup>
  <ItemGroup>
    <ClCompile Include="Day1.cpp">
      <Filter>Source Files</Filter>
    </ClCompile>
    <ClCompile Include="Utilities.cpp">
      <Filter>Source Files\Utilities</Filter>
    </ClCompile>
    <ClCompile Include="Main.cpp">
      <Filter>Source Files</Filter>
    </ClCompile>
    <ClCompile Include="Day2.cpp">
      <Filter>Source Files</Filter>
    </ClCompile>
    <ClCompile Include="Day3.cpp">
      <Filter>Source Files</Filter>
    </ClCompile>
    <ClCompile Include="Day4.cpp">
      <Filter>Source Files</Filter>
    </ClCompile>
    <ClCompile Include="Day5.cpp">
      <Filter>Source Files</Filter>
    </ClCompile>
    <ClCompile Include="Day 6.cpp">
      <Filter>Source Files</Filter>
    </ClCompile>
    <ClCompile Include="Day 7.cpp">
      <Filter>Source Files</Filter>
    </ClCompile>
    <ClCompile Include="Day 8.cpp">
      <Filter>Source Files</Filter>
    </ClCompile>
    <ClCompile Include="Day 9.cpp">
      <Filter>Source Files</Filter>
    </ClCompile>
    <ClCompile Include="Day 10.cpp">
      <Filter>Source Files</Filter>
    </ClCompile>
    <ClCompile Include="Day 11.cpp">
      <Filter>Source Files</Filter>
    </ClCompile>
  </ItemGroup>
  <ItemGroup>
    <ClInclude Include="Utilities.h">
      <Filter>Source Files\Utilities</Filter>
    </ClInclude>
    <ClInclude Include="Solutions.h">
      <Filter>Source Files</Filter>
    </ClInclude>
  </ItemGroup>
  <ItemGroup>
    <Text Include="Day 4 Example.txt">
      <Filter>Source Files\Input\Day 4</Filter>
    </Text>
    <Text Include="Day 4 Input.txt">
      <Filter>Source Files\Input\Day 4</Filter>
    </Text>
    <Text Include="Day 5 Example.txt">
      <Filter>Source Files\Input\Day 5</Filter>
    </Text>
    <Text Include="Day 5 Input.txt">
      <Filter>Source Files\Input\Day 5</Filter>
    </Text>
    <Text Include="Day 2.txt">
      <Filter>Source Files\Input\Day 2</Filter>
    </Text>
    <Text Include="Day 3.txt">
      <Filter>Source Files\Input\Day 3</Filter>
    </Text>
    <Text Include="Day1.txt">
      <Filter>Source Files\Input\Day 1</Filter>
    </Text>
    <Text Include="Day 6 Example.txt">
      <Filter>Source Files\Input\Day 6</Filter>
    </Text>
    <Text Include="Day 6 Input.txt">
      <Filter>Source Files\Input\Day 6</Filter>
    </Text>
    <Text Include="Day 7 Example.txt">
      <Filter>Source Files\Input\Day 7</Filter>
    </Text>
    <Text Include="Day 7 Input.txt">
      <Filter>Source Files\Input\Day 7</Filter>
    </Text>
    <Text Include="Day 8 Example.txt">
      <Filter>Source Files\Input\Day 8</Filter>
    </Text>
    <Text Include="Day 8 Input.txt">
      <Filter>Source Files\Input\Day 8</Filter>
    </Text>
    <Text Include="Day 9 Example.txt">
      <Filter>Source Files\Input\Day 9</Filter>
    </Text>
    <Text Include="Day 9 Input.txt">
      <Filter>Source Files\Input\Day 9</Filter>
    </Text>
    <Text Include="Day 10 Example.txt">
      <Filter>Source Files\Input\Day 10</Filter>
    </Text>
    <Text Include="Day 10 Input.txt">
      <Filter>Source Files\Input\Day 10</Filter>
    </Text>
    <Text Include="Day 11 Example.txt">
      <Filter>Source Files\Input\Day 11</Filter>
    </Text>
    <Text Include="Day 11 Input.txt">
      <Filter>Source Files\Input\Day 11</Filter>
    </Text>
  </ItemGroup>
</Project>